// !$*UTF8*$!
{
	archiveVersion = 1;
	classes = {
	};
	objectVersion = 46;
	objects = {

/* Begin PBXBuildFile section */
		48CCCC78DD3F360D52FABEDE /* libPods-BMSTU ScheduleUITests.a in Frameworks */ = {isa = PBXBuildFile; fileRef = 60A4B1C885EEA30AA9D4FF37 /* libPods-BMSTU ScheduleUITests.a */; };
		4BC967A31B5764CB03D1A95E /* libPods-BMSTU ScheduleTests.a in Frameworks */ = {isa = PBXBuildFile; fileRef = 40B3B76931C7BC713B0C35DA /* libPods-BMSTU ScheduleTests.a */; };
		68474BC41C725FAD0079B5D8 /* SettingsViewController.m in Sources */ = {isa = PBXBuildFile; fileRef = 68474BC31C725FAD0079B5D8 /* SettingsViewController.m */; };
		6856E4C11C6BD82B0042E866 /* TodayViewController.m in Sources */ = {isa = PBXBuildFile; fileRef = 6856E4C01C6BD82B0042E866 /* TodayViewController.m */; };
		68B119971C7A19C700BBBE36 /* UniversityNoClassCell.m in Sources */ = {isa = PBXBuildFile; fileRef = 68B119951C7A19C700BBBE36 /* UniversityNoClassCell.m */; };
		68B119981C7A19C700BBBE36 /* UniversityNoClassCell.xib in Resources */ = {isa = PBXBuildFile; fileRef = 68B119961C7A19C700BBBE36 /* UniversityNoClassCell.xib */; };
		68C0CA2C1C561DBB008D81FD /* UniversityClassCell.xib in Resources */ = {isa = PBXBuildFile; fileRef = 68C0CA2B1C561DBB008D81FD /* UniversityClassCell.xib */; };
		68C3777B1C3406B3007DD412 /* AppDelegate.m in Sources */ = {isa = PBXBuildFile; fileRef = 68C3777A1C3406B3007DD412 /* AppDelegate.m */; };
		68C3777E1C3406B3007DD412 /* WeekViewController.m in Sources */ = {isa = PBXBuildFile; fileRef = 68C3777D1C3406B3007DD412 /* WeekViewController.m */; };
		68C377841C3406B3007DD412 /* Main.storyboard in Resources */ = {isa = PBXBuildFile; fileRef = 68C377821C3406B3007DD412 /* Main.storyboard */; };
		68C377861C3406B3007DD412 /* Assets.xcassets in Resources */ = {isa = PBXBuildFile; fileRef = 68C377851C3406B3007DD412 /* Assets.xcassets */; };
		68C377891C3406B3007DD412 /* LaunchScreen.storyboard in Resources */ = {isa = PBXBuildFile; fileRef = 68C377871C3406B3007DD412 /* LaunchScreen.storyboard */; };
		68C377941C3406B3007DD412 /* BMSTU_ScheduleTests.m in Sources */ = {isa = PBXBuildFile; fileRef = 68C377931C3406B3007DD412 /* BMSTU_ScheduleTests.m */; };
		68C3779F1C3406B3007DD412 /* BMSTU_ScheduleUITests.m in Sources */ = {isa = PBXBuildFile; fileRef = 68C3779E1C3406B3007DD412 /* BMSTU_ScheduleUITests.m */; };
		68C3791A1C342087007DD412 /* main.m in Sources */ = {isa = PBXBuildFile; fileRef = 68C379181C342087007DD412 /* main.m */; };
		68C66E5C1C54BFA100C318D6 /* UniversityClassCell.m in Sources */ = {isa = PBXBuildFile; fileRef = 68C66E5B1C54BFA100C318D6 /* UniversityClassCell.m */; };
		8EAEAF590C4B0B9D0F431CBD /* libPods-BMSTU Schedule.a in Frameworks */ = {isa = PBXBuildFile; fileRef = EC20D5AEF24FC9F682D7C853 /* libPods-BMSTU Schedule.a */; };
		A549B04C1D63187C00A3D015 /* ScreenShot.png in Resources */ = {isa = PBXBuildFile; fileRef = A549B04B1D63187C00A3D015 /* ScreenShot.png */; };
		A55943AD1D50DF7F00450394 /* GoogleService-Info.plist in Resources */ = {isa = PBXBuildFile; fileRef = A55943AC1D50DF7F00450394 /* GoogleService-Info.plist */; };
		A59F85641D50AA5900B83824 /* Podfile in Resources */ = {isa = PBXBuildFile; fileRef = A59F85631D50AA5900B83824 /* Podfile */; };
		A5A3F8EC1D6C55BD002C6585 /* BADDownloader.m in Sources */ = {isa = PBXBuildFile; fileRef = A5A3F8D81D6C55BD002C6585 /* BADDownloader.m */; };
		A5A3F8ED1D6C55BD002C6585 /* BADHandler.m in Sources */ = {isa = PBXBuildFile; fileRef = A5A3F8DA1D6C55BD002C6585 /* BADHandler.m */; };
		A5A3F8EE1D6C55BD002C6585 /* BADSaver.m in Sources */ = {isa = PBXBuildFile; fileRef = A5A3F8DC1D6C55BD002C6585 /* BADSaver.m */; };
		A5A3F8EF1D6C55BD002C6585 /* BADUniversityClass.m in Sources */ = {isa = PBXBuildFile; fileRef = A5A3F8E01D6C55BD002C6585 /* BADUniversityClass.m */; };
		A5A3F8F01D6C55BD002C6585 /* BADUniversityDay.m in Sources */ = {isa = PBXBuildFile; fileRef = A5A3F8E21D6C55BD002C6585 /* BADUniversityDay.m */; };
		A5A3F8F11D6C55BD002C6585 /* BADUniversitySchedule.m in Sources */ = {isa = PBXBuildFile; fileRef = A5A3F8E41D6C55BD002C6585 /* BADUniversitySchedule.m */; };
		A5A3F8F21D6C55BD002C6585 /* BADUniversityDepartment.m in Sources */ = {isa = PBXBuildFile; fileRef = A5A3F8E71D6C55BD002C6585 /* BADUniversityDepartment.m */; };
		A5A3F8F31D6C55BD002C6585 /* BADUniversityFaculty.m in Sources */ = {isa = PBXBuildFile; fileRef = A5A3F8E91D6C55BD002C6585 /* BADUniversityFaculty.m */; };
		A5A3F8F41D6C55BD002C6585 /* BADUniversityGroup.m in Sources */ = {isa = PBXBuildFile; fileRef = A5A3F8EB1D6C55BD002C6585 /* BADUniversityGroup.m */; };
		CF4FB5134F3C495CEA1F4A20 /* libPods-BMSTU Schedule-BMSTU ScheduleUITests.a in Frameworks */ = {isa = PBXBuildFile; fileRef = A01D23308E3BECDFB9CD580E /* libPods-BMSTU Schedule-BMSTU ScheduleUITests.a */; };
		D3B15284F9393E31A3346A91 /* libPods-BMSTU Schedule-BMSTU ScheduleTests.a in Frameworks */ = {isa = PBXBuildFile; fileRef = B31AB506CECF6D850877249B /* libPods-BMSTU Schedule-BMSTU ScheduleTests.a */; };
/* End PBXBuildFile section */

/* Begin PBXContainerItemProxy section */
		68C377901C3406B3007DD412 /* PBXContainerItemProxy */ = {
			isa = PBXContainerItemProxy;
			containerPortal = 68C3776B1C3406B3007DD412 /* Project object */;
			proxyType = 1;
			remoteGlobalIDString = 68C377721C3406B3007DD412;
			remoteInfo = "BMSTU Schedule";
		};
		68C3779B1C3406B3007DD412 /* PBXContainerItemProxy */ = {
			isa = PBXContainerItemProxy;
			containerPortal = 68C3776B1C3406B3007DD412 /* Project object */;
			proxyType = 1;
			remoteGlobalIDString = 68C377721C3406B3007DD412;
			remoteInfo = "BMSTU Schedule";
		};
/* End PBXContainerItemProxy section */

/* Begin PBXFileReference section */
		2331248CC15BDCC6E35F23AC /* Pods-BMSTU Schedule-BMSTU ScheduleUITests.debug.xcconfig */ = {isa = PBXFileReference; includeInIndex = 1; lastKnownFileType = text.xcconfig; name = "Pods-BMSTU Schedule-BMSTU ScheduleUITests.debug.xcconfig"; path = "Pods/Target Support Files/Pods-BMSTU Schedule-BMSTU ScheduleUITests/Pods-BMSTU Schedule-BMSTU ScheduleUITests.debug.xcconfig"; sourceTree = "<group>"; };
		40B3B76931C7BC713B0C35DA /* libPods-BMSTU ScheduleTests.a */ = {isa = PBXFileReference; explicitFileType = archive.ar; includeInIndex = 0; path = "libPods-BMSTU ScheduleTests.a"; sourceTree = BUILT_PRODUCTS_DIR; };
		455616C485658EE61B4606F9 /* Pods-BMSTU ScheduleTests.debug.xcconfig */ = {isa = PBXFileReference; includeInIndex = 1; lastKnownFileType = text.xcconfig; name = "Pods-BMSTU ScheduleTests.debug.xcconfig"; path = "Pods/Target Support Files/Pods-BMSTU ScheduleTests/Pods-BMSTU ScheduleTests.debug.xcconfig"; sourceTree = "<group>"; };
		478E854CEA9789154E426451 /* Pods-BMSTU ScheduleTests.release.xcconfig */ = {isa = PBXFileReference; includeInIndex = 1; lastKnownFileType = text.xcconfig; name = "Pods-BMSTU ScheduleTests.release.xcconfig"; path = "Pods/Target Support Files/Pods-BMSTU ScheduleTests/Pods-BMSTU ScheduleTests.release.xcconfig"; sourceTree = "<group>"; };
		5427A00A74AB2CF4A0AA66BE /* Pods-BMSTU Schedule.debug.xcconfig */ = {isa = PBXFileReference; includeInIndex = 1; lastKnownFileType = text.xcconfig; name = "Pods-BMSTU Schedule.debug.xcconfig"; path = "Pods/Target Support Files/Pods-BMSTU Schedule/Pods-BMSTU Schedule.debug.xcconfig"; sourceTree = "<group>"; };
		544EC95D961C402861629C60 /* Pods-BMSTU Schedule-BMSTU ScheduleTests.debug.xcconfig */ = {isa = PBXFileReference; includeInIndex = 1; lastKnownFileType = text.xcconfig; name = "Pods-BMSTU Schedule-BMSTU ScheduleTests.debug.xcconfig"; path = "Pods/Target Support Files/Pods-BMSTU Schedule-BMSTU ScheduleTests/Pods-BMSTU Schedule-BMSTU ScheduleTests.debug.xcconfig"; sourceTree = "<group>"; };
		5788696B8E5E6DAA4E22C93D /* Pods-BMSTU Schedule.release.xcconfig */ = {isa = PBXFileReference; includeInIndex = 1; lastKnownFileType = text.xcconfig; name = "Pods-BMSTU Schedule.release.xcconfig"; path = "Pods/Target Support Files/Pods-BMSTU Schedule/Pods-BMSTU Schedule.release.xcconfig"; sourceTree = "<group>"; };
		6084781DAFA8382CA864750D /* Pods-BMSTU Schedule-BMSTU ScheduleUITests.release.xcconfig */ = {isa = PBXFileReference; includeInIndex = 1; lastKnownFileType = text.xcconfig; name = "Pods-BMSTU Schedule-BMSTU ScheduleUITests.release.xcconfig"; path = "Pods/Target Support Files/Pods-BMSTU Schedule-BMSTU ScheduleUITests/Pods-BMSTU Schedule-BMSTU ScheduleUITests.release.xcconfig"; sourceTree = "<group>"; };
		60A4B1C885EEA30AA9D4FF37 /* libPods-BMSTU ScheduleUITests.a */ = {isa = PBXFileReference; explicitFileType = archive.ar; includeInIndex = 0; path = "libPods-BMSTU ScheduleUITests.a"; sourceTree = BUILT_PRODUCTS_DIR; };
		6824E7D04F88F89782AF61F8 /* Pods-BMSTU ScheduleUITests.debug.xcconfig */ = {isa = PBXFileReference; includeInIndex = 1; lastKnownFileType = text.xcconfig; name = "Pods-BMSTU ScheduleUITests.debug.xcconfig"; path = "Pods/Target Support Files/Pods-BMSTU ScheduleUITests/Pods-BMSTU ScheduleUITests.debug.xcconfig"; sourceTree = "<group>"; };
		68474BC21C725FAD0079B5D8 /* SettingsViewController.h */ = {isa = PBXFileReference; fileEncoding = 4; lastKnownFileType = sourcecode.c.h; name = SettingsViewController.h; path = Controllers/SettingsViewController.h; sourceTree = "<group>"; };
		68474BC31C725FAD0079B5D8 /* SettingsViewController.m */ = {isa = PBXFileReference; fileEncoding = 4; lastKnownFileType = sourcecode.c.objc; name = SettingsViewController.m; path = Controllers/SettingsViewController.m; sourceTree = "<group>"; };
		6856E4BF1C6BD82B0042E866 /* TodayViewController.h */ = {isa = PBXFileReference; fileEncoding = 4; lastKnownFileType = sourcecode.c.h; name = TodayViewController.h; path = Controllers/TodayViewController.h; sourceTree = "<group>"; };
		6856E4C01C6BD82B0042E866 /* TodayViewController.m */ = {isa = PBXFileReference; fileEncoding = 4; lastKnownFileType = sourcecode.c.objc; name = TodayViewController.m; path = Controllers/TodayViewController.m; sourceTree = "<group>"; };
		68B119941C7A19C700BBBE36 /* UniversityNoClassCell.h */ = {isa = PBXFileReference; fileEncoding = 4; lastKnownFileType = sourcecode.c.h; path = UniversityNoClassCell.h; sourceTree = "<group>"; };
		68B119951C7A19C700BBBE36 /* UniversityNoClassCell.m */ = {isa = PBXFileReference; fileEncoding = 4; lastKnownFileType = sourcecode.c.objc; path = UniversityNoClassCell.m; sourceTree = "<group>"; };
		68B119961C7A19C700BBBE36 /* UniversityNoClassCell.xib */ = {isa = PBXFileReference; fileEncoding = 4; lastKnownFileType = file.xib; path = UniversityNoClassCell.xib; sourceTree = "<group>"; };
		68C0CA2B1C561DBB008D81FD /* UniversityClassCell.xib */ = {isa = PBXFileReference; fileEncoding = 4; lastKnownFileType = file.xib; path = UniversityClassCell.xib; sourceTree = "<group>"; };
		68C377731C3406B3007DD412 /* BMSTU Schedule.app */ = {isa = PBXFileReference; explicitFileType = wrapper.application; includeInIndex = 0; path = "BMSTU Schedule.app"; sourceTree = BUILT_PRODUCTS_DIR; };
		68C377791C3406B3007DD412 /* AppDelegate.h */ = {isa = PBXFileReference; lastKnownFileType = sourcecode.c.h; path = AppDelegate.h; sourceTree = "<group>"; };
		68C3777A1C3406B3007DD412 /* AppDelegate.m */ = {isa = PBXFileReference; lastKnownFileType = sourcecode.c.objc; path = AppDelegate.m; sourceTree = "<group>"; };
		68C3777C1C3406B3007DD412 /* WeekViewController.h */ = {isa = PBXFileReference; lastKnownFileType = sourcecode.c.h; path = WeekViewController.h; sourceTree = "<group>"; };
		68C3777D1C3406B3007DD412 /* WeekViewController.m */ = {isa = PBXFileReference; lastKnownFileType = sourcecode.c.objc; path = WeekViewController.m; sourceTree = "<group>"; };
		68C377831C3406B3007DD412 /* Base */ = {isa = PBXFileReference; lastKnownFileType = file.storyboard; name = Base; path = Base.lproj/Main.storyboard; sourceTree = "<group>"; };
		68C377851C3406B3007DD412 /* Assets.xcassets */ = {isa = PBXFileReference; lastKnownFileType = folder.assetcatalog; path = Assets.xcassets; sourceTree = "<group>"; };
		68C377881C3406B3007DD412 /* Base */ = {isa = PBXFileReference; lastKnownFileType = file.storyboard; name = Base; path = Base.lproj/LaunchScreen.storyboard; sourceTree = "<group>"; };
		68C3778F1C3406B3007DD412 /* BMSTU ScheduleTests.xctest */ = {isa = PBXFileReference; explicitFileType = wrapper.cfbundle; includeInIndex = 0; path = "BMSTU ScheduleTests.xctest"; sourceTree = BUILT_PRODUCTS_DIR; };
		68C377931C3406B3007DD412 /* BMSTU_ScheduleTests.m */ = {isa = PBXFileReference; lastKnownFileType = sourcecode.c.objc; path = BMSTU_ScheduleTests.m; sourceTree = "<group>"; };
		68C377951C3406B3007DD412 /* Info.plist */ = {isa = PBXFileReference; lastKnownFileType = text.plist.xml; path = Info.plist; sourceTree = "<group>"; };
		68C3779A1C3406B3007DD412 /* BMSTU ScheduleUITests.xctest */ = {isa = PBXFileReference; explicitFileType = wrapper.cfbundle; includeInIndex = 0; path = "BMSTU ScheduleUITests.xctest"; sourceTree = BUILT_PRODUCTS_DIR; };
		68C3779E1C3406B3007DD412 /* BMSTU_ScheduleUITests.m */ = {isa = PBXFileReference; lastKnownFileType = sourcecode.c.objc; path = BMSTU_ScheduleUITests.m; sourceTree = "<group>"; };
		68C377A01C3406B3007DD412 /* Info.plist */ = {isa = PBXFileReference; lastKnownFileType = text.plist.xml; path = Info.plist; sourceTree = "<group>"; };
		68C379171C342087007DD412 /* Info.plist */ = {isa = PBXFileReference; fileEncoding = 4; lastKnownFileType = text.plist.xml; name = Info.plist; path = "BMSTU Schedule/Info.plist"; sourceTree = "<group>"; };
		68C379181C342087007DD412 /* main.m */ = {isa = PBXFileReference; fileEncoding = 4; lastKnownFileType = sourcecode.c.objc; name = main.m; path = "BMSTU Schedule/main.m"; sourceTree = "<group>"; };
		68C66E5A1C54BFA100C318D6 /* UniversityClassCell.h */ = {isa = PBXFileReference; fileEncoding = 4; lastKnownFileType = sourcecode.c.h; path = UniversityClassCell.h; sourceTree = "<group>"; };
		68C66E5B1C54BFA100C318D6 /* UniversityClassCell.m */ = {isa = PBXFileReference; fileEncoding = 4; lastKnownFileType = sourcecode.c.objc; path = UniversityClassCell.m; sourceTree = "<group>"; };
		A01D23308E3BECDFB9CD580E /* libPods-BMSTU Schedule-BMSTU ScheduleUITests.a */ = {isa = PBXFileReference; explicitFileType = archive.ar; includeInIndex = 0; path = "libPods-BMSTU Schedule-BMSTU ScheduleUITests.a"; sourceTree = BUILT_PRODUCTS_DIR; };
		A549B04B1D63187C00A3D015 /* ScreenShot.png */ = {isa = PBXFileReference; lastKnownFileType = image.png; path = ScreenShot.png; sourceTree = "<group>"; };
		A55943AB1D50DAAC00450394 /* BMSTU Schedule.entitlements */ = {isa = PBXFileReference; lastKnownFileType = text.xml; name = "BMSTU Schedule.entitlements"; path = "BMSTU Schedule/BMSTU Schedule.entitlements"; sourceTree = "<group>"; };
		A55943AC1D50DF7F00450394 /* GoogleService-Info.plist */ = {isa = PBXFileReference; fileEncoding = 4; lastKnownFileType = text.plist.xml; name = "GoogleService-Info.plist"; path = "BMSTU Schedule/GoogleService-Info.plist"; sourceTree = "<group>"; };
		A56B62E71D6C77C900885794 /* BMSTULibrary.h */ = {isa = PBXFileReference; fileEncoding = 4; lastKnownFileType = sourcecode.c.h; path = BMSTULibrary.h; sourceTree = "<group>"; };
		A59F85631D50AA5900B83824 /* Podfile */ = {isa = PBXFileReference; fileEncoding = 4; lastKnownFileType = text; path = Podfile; sourceTree = "<group>"; xcLanguageSpecificationIdentifier = xcode.lang.ruby; };
		A5A3F8D71D6C55BD002C6585 /* BADDownloader.h */ = {isa = PBXFileReference; fileEncoding = 4; lastKnownFileType = sourcecode.c.h; path = BADDownloader.h; sourceTree = "<group>"; };
		A5A3F8D81D6C55BD002C6585 /* BADDownloader.m */ = {isa = PBXFileReference; fileEncoding = 4; lastKnownFileType = sourcecode.c.objc; path = BADDownloader.m; sourceTree = "<group>"; };
		A5A3F8D91D6C55BD002C6585 /* BADHandler.h */ = {isa = PBXFileReference; fileEncoding = 4; lastKnownFileType = sourcecode.c.h; path = BADHandler.h; sourceTree = "<group>"; };
		A5A3F8DA1D6C55BD002C6585 /* BADHandler.m */ = {isa = PBXFileReference; fileEncoding = 4; lastKnownFileType = sourcecode.c.objc; path = BADHandler.m; sourceTree = "<group>"; };
		A5A3F8DB1D6C55BD002C6585 /* BADSaver.h */ = {isa = PBXFileReference; fileEncoding = 4; lastKnownFileType = sourcecode.c.h; path = BADSaver.h; sourceTree = "<group>"; };
		A5A3F8DC1D6C55BD002C6585 /* BADSaver.m */ = {isa = PBXFileReference; fileEncoding = 4; lastKnownFileType = sourcecode.c.objc; path = BADSaver.m; sourceTree = "<group>"; };
		A5A3F8DF1D6C55BD002C6585 /* BADUniversityClass.h */ = {isa = PBXFileReference; fileEncoding = 4; lastKnownFileType = sourcecode.c.h; path = BADUniversityClass.h; sourceTree = "<group>"; };
		A5A3F8E01D6C55BD002C6585 /* BADUniversityClass.m */ = {isa = PBXFileReference; fileEncoding = 4; lastKnownFileType = sourcecode.c.objc; path = BADUniversityClass.m; sourceTree = "<group>"; };
		A5A3F8E11D6C55BD002C6585 /* BADUniversityDay.h */ = {isa = PBXFileReference; fileEncoding = 4; lastKnownFileType = sourcecode.c.h; path = BADUniversityDay.h; sourceTree = "<group>"; };
		A5A3F8E21D6C55BD002C6585 /* BADUniversityDay.m */ = {isa = PBXFileReference; fileEncoding = 4; lastKnownFileType = sourcecode.c.objc; path = BADUniversityDay.m; sourceTree = "<group>"; };
		A5A3F8E31D6C55BD002C6585 /* BADUniversitySchedule.h */ = {isa = PBXFileReference; fileEncoding = 4; lastKnownFileType = sourcecode.c.h; path = BADUniversitySchedule.h; sourceTree = "<group>"; };
		A5A3F8E41D6C55BD002C6585 /* BADUniversitySchedule.m */ = {isa = PBXFileReference; fileEncoding = 4; lastKnownFileType = sourcecode.c.objc; path = BADUniversitySchedule.m; sourceTree = "<group>"; };
		A5A3F8E61D6C55BD002C6585 /* BADUniversityDepartment.h */ = {isa = PBXFileReference; fileEncoding = 4; lastKnownFileType = sourcecode.c.h; path = BADUniversityDepartment.h; sourceTree = "<group>"; };
		A5A3F8E71D6C55BD002C6585 /* BADUniversityDepartment.m */ = {isa = PBXFileReference; fileEncoding = 4; lastKnownFileType = sourcecode.c.objc; path = BADUniversityDepartment.m; sourceTree = "<group>"; };
		A5A3F8E81D6C55BD002C6585 /* BADUniversityFaculty.h */ = {isa = PBXFileReference; fileEncoding = 4; lastKnownFileType = sourcecode.c.h; path = BADUniversityFaculty.h; sourceTree = "<group>"; };
		A5A3F8E91D6C55BD002C6585 /* BADUniversityFaculty.m */ = {isa = PBXFileReference; fileEncoding = 4; lastKnownFileType = sourcecode.c.objc; path = BADUniversityFaculty.m; sourceTree = "<group>"; };
		A5A3F8EA1D6C55BD002C6585 /* BADUniversityGroup.h */ = {isa = PBXFileReference; fileEncoding = 4; lastKnownFileType = sourcecode.c.h; path = BADUniversityGroup.h; sourceTree = "<group>"; };
		A5A3F8EB1D6C55BD002C6585 /* BADUniversityGroup.m */ = {isa = PBXFileReference; fileEncoding = 4; lastKnownFileType = sourcecode.c.objc; path = BADUniversityGroup.m; sourceTree = "<group>"; };
		B31AB506CECF6D850877249B /* libPods-BMSTU Schedule-BMSTU ScheduleTests.a */ = {isa = PBXFileReference; explicitFileType = archive.ar; includeInIndex = 0; path = "libPods-BMSTU Schedule-BMSTU ScheduleTests.a"; sourceTree = BUILT_PRODUCTS_DIR; };
		D8D6ADF3F55AADC726F927E1 /* Pods-BMSTU Schedule-BMSTU ScheduleTests.release.xcconfig */ = {isa = PBXFileReference; includeInIndex = 1; lastKnownFileType = text.xcconfig; name = "Pods-BMSTU Schedule-BMSTU ScheduleTests.release.xcconfig"; path = "Pods/Target Support Files/Pods-BMSTU Schedule-BMSTU ScheduleTests/Pods-BMSTU Schedule-BMSTU ScheduleTests.release.xcconfig"; sourceTree = "<group>"; };
		DBE3A7171DD43342EAD0B684 /* Pods-BMSTU ScheduleUITests.release.xcconfig */ = {isa = PBXFileReference; includeInIndex = 1; lastKnownFileType = text.xcconfig; name = "Pods-BMSTU ScheduleUITests.release.xcconfig"; path = "Pods/Target Support Files/Pods-BMSTU ScheduleUITests/Pods-BMSTU ScheduleUITests.release.xcconfig"; sourceTree = "<group>"; };
		EC20D5AEF24FC9F682D7C853 /* libPods-BMSTU Schedule.a */ = {isa = PBXFileReference; explicitFileType = archive.ar; includeInIndex = 0; path = "libPods-BMSTU Schedule.a"; sourceTree = BUILT_PRODUCTS_DIR; };
/* End PBXFileReference section */

/* Begin PBXFrameworksBuildPhase section */
		68C377701C3406B3007DD412 /* Frameworks */ = {
			isa = PBXFrameworksBuildPhase;
			buildActionMask = 2147483647;
			files = (
				8EAEAF590C4B0B9D0F431CBD /* libPods-BMSTU Schedule.a in Frameworks */,
			);
			runOnlyForDeploymentPostprocessing = 0;
		};
		68C3778C1C3406B3007DD412 /* Frameworks */ = {
			isa = PBXFrameworksBuildPhase;
			buildActionMask = 2147483647;
			files = (
				4BC967A31B5764CB03D1A95E /* libPods-BMSTU ScheduleTests.a in Frameworks */,
				D3B15284F9393E31A3346A91 /* libPods-BMSTU Schedule-BMSTU ScheduleTests.a in Frameworks */,
			);
			runOnlyForDeploymentPostprocessing = 0;
		};
		68C377971C3406B3007DD412 /* Frameworks */ = {
			isa = PBXFrameworksBuildPhase;
			buildActionMask = 2147483647;
			files = (
				48CCCC78DD3F360D52FABEDE /* libPods-BMSTU ScheduleUITests.a in Frameworks */,
				CF4FB5134F3C495CEA1F4A20 /* libPods-BMSTU Schedule-BMSTU ScheduleUITests.a in Frameworks */,
			);
			runOnlyForDeploymentPostprocessing = 0;
		};
/* End PBXFrameworksBuildPhase section */

/* Begin PBXGroup section */
		01F2EEF3E45CEEC853E2022C /* Pods */ = {
			isa = PBXGroup;
			children = (
				5427A00A74AB2CF4A0AA66BE /* Pods-BMSTU Schedule.debug.xcconfig */,
				5788696B8E5E6DAA4E22C93D /* Pods-BMSTU Schedule.release.xcconfig */,
				455616C485658EE61B4606F9 /* Pods-BMSTU ScheduleTests.debug.xcconfig */,
				478E854CEA9789154E426451 /* Pods-BMSTU ScheduleTests.release.xcconfig */,
				6824E7D04F88F89782AF61F8 /* Pods-BMSTU ScheduleUITests.debug.xcconfig */,
				DBE3A7171DD43342EAD0B684 /* Pods-BMSTU ScheduleUITests.release.xcconfig */,
				544EC95D961C402861629C60 /* Pods-BMSTU Schedule-BMSTU ScheduleTests.debug.xcconfig */,
				D8D6ADF3F55AADC726F927E1 /* Pods-BMSTU Schedule-BMSTU ScheduleTests.release.xcconfig */,
				2331248CC15BDCC6E35F23AC /* Pods-BMSTU Schedule-BMSTU ScheduleUITests.debug.xcconfig */,
				6084781DAFA8382CA864750D /* Pods-BMSTU Schedule-BMSTU ScheduleUITests.release.xcconfig */,
			);
			name = Pods;
			sourceTree = "<group>";
		};
		6856E4C21C6BD8360042E866 /* Controllers */ = {
			isa = PBXGroup;
			children = (
				68C3777C1C3406B3007DD412 /* WeekViewController.h */,
				68C3777D1C3406B3007DD412 /* WeekViewController.m */,
				6856E4BF1C6BD82B0042E866 /* TodayViewController.h */,
				6856E4C01C6BD82B0042E866 /* TodayViewController.m */,
				68474BC21C725FAD0079B5D8 /* SettingsViewController.h */,
				68474BC31C725FAD0079B5D8 /* SettingsViewController.m */,
			);
			name = Controllers;
			sourceTree = "<group>";
		};
		68C3776A1C3406B3007DD412 = {
			isa = PBXGroup;
			children = (
				68C377751C3406B3007DD412 /* BMSTU Schedule */,
				68C3791B1C34208D007DD412 /* Supporting files */,
				68C377921C3406B3007DD412 /* BMSTU ScheduleTests */,
				68C3779D1C3406B3007DD412 /* BMSTU ScheduleUITests */,
				68C377741C3406B3007DD412 /* Products */,
				01F2EEF3E45CEEC853E2022C /* Pods */,
				AB3C85D1CEBFA4304AFC0AE0 /* Frameworks */,
			);
			sourceTree = "<group>";
		};
		68C377741C3406B3007DD412 /* Products */ = {
			isa = PBXGroup;
			children = (
				68C377731C3406B3007DD412 /* BMSTU Schedule.app */,
				68C3778F1C3406B3007DD412 /* BMSTU ScheduleTests.xctest */,
				68C3779A1C3406B3007DD412 /* BMSTU ScheduleUITests.xctest */,
			);
			name = Products;
			sourceTree = "<group>";
		};
		68C377751C3406B3007DD412 /* BMSTU Schedule */ = {
			isa = PBXGroup;
			children = (
				A5A3F8D51D6C55BD002C6585 /* BMSTU Library */,
				6856E4C21C6BD8360042E866 /* Controllers */,
				68C377791C3406B3007DD412 /* AppDelegate.h */,
				68C3777A1C3406B3007DD412 /* AppDelegate.m */,
				68C377821C3406B3007DD412 /* Main.storyboard */,
				68C377871C3406B3007DD412 /* LaunchScreen.storyboard */,
				68C66E591C54BFA100C318D6 /* Cells */,
				68C377851C3406B3007DD412 /* Assets.xcassets */,
			);
			path = "BMSTU Schedule";
			sourceTree = "<group>";
		};
		68C377921C3406B3007DD412 /* BMSTU ScheduleTests */ = {
			isa = PBXGroup;
			children = (
				68C377931C3406B3007DD412 /* BMSTU_ScheduleTests.m */,
				68C377951C3406B3007DD412 /* Info.plist */,
			);
			path = "BMSTU ScheduleTests";
			sourceTree = "<group>";
		};
		68C3779D1C3406B3007DD412 /* BMSTU ScheduleUITests */ = {
			isa = PBXGroup;
			children = (
				68C3779E1C3406B3007DD412 /* BMSTU_ScheduleUITests.m */,
				68C377A01C3406B3007DD412 /* Info.plist */,
			);
			path = "BMSTU ScheduleUITests";
			sourceTree = "<group>";
		};
		68C3791B1C34208D007DD412 /* Supporting files */ = {
			isa = PBXGroup;
			children = (
				A549B04B1D63187C00A3D015 /* ScreenShot.png */,
				A55943AB1D50DAAC00450394 /* BMSTU Schedule.entitlements */,
				A55943AC1D50DF7F00450394 /* GoogleService-Info.plist */,
				68C379171C342087007DD412 /* Info.plist */,
				68C379181C342087007DD412 /* main.m */,
			);
			name = "Supporting files";
			sourceTree = "<group>";
		};
		68C66E591C54BFA100C318D6 /* Cells */ = {
			isa = PBXGroup;
			children = (
				68C66E5A1C54BFA100C318D6 /* UniversityClassCell.h */,
				68C66E5B1C54BFA100C318D6 /* UniversityClassCell.m */,
				68C0CA2B1C561DBB008D81FD /* UniversityClassCell.xib */,
				68B119941C7A19C700BBBE36 /* UniversityNoClassCell.h */,
				68B119951C7A19C700BBBE36 /* UniversityNoClassCell.m */,
				68B119961C7A19C700BBBE36 /* UniversityNoClassCell.xib */,
			);
			path = Cells;
			sourceTree = "<group>";
		};
		A5A3F8D51D6C55BD002C6585 /* BMSTU Library */ = {
			isa = PBXGroup;
			children = (
				A56B62E71D6C77C900885794 /* BMSTULibrary.h */,
				A5A3F8D61D6C55BD002C6585 /* Managers */,
				A5A3F8DD1D6C55BD002C6585 /* Model */,
			);
			path = "BMSTU Library";
			sourceTree = "<group>";
		};
		A5A3F8D61D6C55BD002C6585 /* Managers */ = {
			isa = PBXGroup;
			children = (
				A5A3F8D71D6C55BD002C6585 /* BADDownloader.h */,
				A5A3F8D81D6C55BD002C6585 /* BADDownloader.m */,
				A5A3F8D91D6C55BD002C6585 /* BADHandler.h */,
				A5A3F8DA1D6C55BD002C6585 /* BADHandler.m */,
				A5A3F8DB1D6C55BD002C6585 /* BADSaver.h */,
				A5A3F8DC1D6C55BD002C6585 /* BADSaver.m */,
			);
			path = Managers;
			sourceTree = "<group>";
		};
		A5A3F8DD1D6C55BD002C6585 /* Model */ = {
			isa = PBXGroup;
			children = (
				A5A3F8DE1D6C55BD002C6585 /* Schedule */,
				A5A3F8E51D6C55BD002C6585 /* University */,
			);
			path = Model;
			sourceTree = "<group>";
		};
		A5A3F8DE1D6C55BD002C6585 /* Schedule */ = {
			isa = PBXGroup;
			children = (
				A5A3F8DF1D6C55BD002C6585 /* BADUniversityClass.h */,
				A5A3F8E01D6C55BD002C6585 /* BADUniversityClass.m */,
				A5A3F8E11D6C55BD002C6585 /* BADUniversityDay.h */,
				A5A3F8E21D6C55BD002C6585 /* BADUniversityDay.m */,
				A5A3F8E31D6C55BD002C6585 /* BADUniversitySchedule.h */,
				A5A3F8E41D6C55BD002C6585 /* BADUniversitySchedule.m */,
			);
			path = Schedule;
			sourceTree = "<group>";
		};
		A5A3F8E51D6C55BD002C6585 /* University */ = {
			isa = PBXGroup;
			children = (
				A5A3F8E61D6C55BD002C6585 /* BADUniversityDepartment.h */,
				A5A3F8E71D6C55BD002C6585 /* BADUniversityDepartment.m */,
				A5A3F8E81D6C55BD002C6585 /* BADUniversityFaculty.h */,
				A5A3F8E91D6C55BD002C6585 /* BADUniversityFaculty.m */,
				A5A3F8EA1D6C55BD002C6585 /* BADUniversityGroup.h */,
				A5A3F8EB1D6C55BD002C6585 /* BADUniversityGroup.m */,
			);
			path = University;
			sourceTree = "<group>";
		};
		AB3C85D1CEBFA4304AFC0AE0 /* Frameworks */ = {
			isa = PBXGroup;
			children = (
				A59F85631D50AA5900B83824 /* Podfile */,
				EC20D5AEF24FC9F682D7C853 /* libPods-BMSTU Schedule.a */,
				40B3B76931C7BC713B0C35DA /* libPods-BMSTU ScheduleTests.a */,
				60A4B1C885EEA30AA9D4FF37 /* libPods-BMSTU ScheduleUITests.a */,
				B31AB506CECF6D850877249B /* libPods-BMSTU Schedule-BMSTU ScheduleTests.a */,
				A01D23308E3BECDFB9CD580E /* libPods-BMSTU Schedule-BMSTU ScheduleUITests.a */,
			);
			name = Frameworks;
			sourceTree = "<group>";
		};
/* End PBXGroup section */

/* Begin PBXNativeTarget section */
		68C377721C3406B3007DD412 /* BMSTU Schedule */ = {
			isa = PBXNativeTarget;
			buildConfigurationList = 68C377A31C3406B3007DD412 /* Build configuration list for PBXNativeTarget "BMSTU Schedule" */;
			buildPhases = (
				BA704FEFDFE176B819DCFEF7 /* 📦 Check Pods Manifest.lock */,
				59B0767A4CFDC841BE1D1627 /* [CP] Check Pods Manifest.lock */,
				68C3776F1C3406B3007DD412 /* Sources */,
				68C377701C3406B3007DD412 /* Frameworks */,
				68C377711C3406B3007DD412 /* Resources */,
				F9DF70E2F29E927EC1F673A8 /* [CP] Embed Pods Frameworks */,
				07AE5C7CFB53285E61019DF9 /* [CP] Copy Pods Resources */,
				0DA52F106167F15F756F4A18 /* 📦 Embed Pods Frameworks */,
				DBB2213C0FD2E9F79EDDF90E /* 📦 Copy Pods Resources */,
			);
			buildRules = (
			);
			dependencies = (
			);
			name = "BMSTU Schedule";
			productName = "BMSTU Schedule";
			productReference = 68C377731C3406B3007DD412 /* BMSTU Schedule.app */;
			productType = "com.apple.product-type.application";
		};
		68C3778E1C3406B3007DD412 /* BMSTU ScheduleTests */ = {
			isa = PBXNativeTarget;
			buildConfigurationList = 68C377A61C3406B3007DD412 /* Build configuration list for PBXNativeTarget "BMSTU ScheduleTests" */;
			buildPhases = (
				7AE6CAB89BD3BEF435E5921F /* 📦 Check Pods Manifest.lock */,
				817E2A2534ECA9FFF5FE98CC /* [CP] Check Pods Manifest.lock */,
				68C3778B1C3406B3007DD412 /* Sources */,
				68C3778C1C3406B3007DD412 /* Frameworks */,
				68C3778D1C3406B3007DD412 /* Resources */,
				3D76ADCA84C027AE1DB2C4B4 /* [CP] Embed Pods Frameworks */,
				507F628BC97CA3CE7FAC6D7E /* [CP] Copy Pods Resources */,
				942D4569F592BF38469EB8AB /* 📦 Embed Pods Frameworks */,
				C4CE1005431AD5A6FE07FAD5 /* 📦 Copy Pods Resources */,
			);
			buildRules = (
			);
			dependencies = (
				68C377911C3406B3007DD412 /* PBXTargetDependency */,
			);
			name = "BMSTU ScheduleTests";
			productName = "BMSTU ScheduleTests";
			productReference = 68C3778F1C3406B3007DD412 /* BMSTU ScheduleTests.xctest */;
			productType = "com.apple.product-type.bundle.unit-test";
		};
		68C377991C3406B3007DD412 /* BMSTU ScheduleUITests */ = {
			isa = PBXNativeTarget;
			buildConfigurationList = 68C377A91C3406B3007DD412 /* Build configuration list for PBXNativeTarget "BMSTU ScheduleUITests" */;
			buildPhases = (
				028800983315F8BF819382E5 /* 📦 Check Pods Manifest.lock */,
				CD4E1EBAFF8C0B86E5BF3B15 /* [CP] Check Pods Manifest.lock */,
				68C377961C3406B3007DD412 /* Sources */,
				68C377971C3406B3007DD412 /* Frameworks */,
				68C377981C3406B3007DD412 /* Resources */,
				0C0306950BA47D5E93A80BE5 /* [CP] Copy Pods Resources */,
				3767882CC37C940D91B3516F /* 📦 Copy Pods Resources */,
			);
			buildRules = (
			);
			dependencies = (
				68C3779C1C3406B3007DD412 /* PBXTargetDependency */,
			);
			name = "BMSTU ScheduleUITests";
			productName = "BMSTU ScheduleUITests";
			productReference = 68C3779A1C3406B3007DD412 /* BMSTU ScheduleUITests.xctest */;
			productType = "com.apple.product-type.bundle.ui-testing";
		};
/* End PBXNativeTarget section */

/* Begin PBXProject section */
		68C3776B1C3406B3007DD412 /* Project object */ = {
			isa = PBXProject;
			attributes = {
				LastUpgradeCheck = 0730;
				ORGANIZATIONNAME = "Artem Belkov";
				TargetAttributes = {
					68C377721C3406B3007DD412 = {
						CreatedOnToolsVersion = 7.2;
						DevelopmentTeam = CT884K7983;
						ProvisioningStyle = Manual;
						SystemCapabilities = {
							com.apple.BackgroundModes = {
								enabled = 1;
							};
							com.apple.Push = {
								enabled = 1;
							};
						};
					};
					68C3778E1C3406B3007DD412 = {
						CreatedOnToolsVersion = 7.2;
						DevelopmentTeam = CT884K7983;
						TestTargetID = 68C377721C3406B3007DD412;
					};
					68C377991C3406B3007DD412 = {
						CreatedOnToolsVersion = 7.2;
						DevelopmentTeam = CT884K7983;
						TestTargetID = 68C377721C3406B3007DD412;
					};
				};
			};
			buildConfigurationList = 68C3776E1C3406B3007DD412 /* Build configuration list for PBXProject "BMSTU Schedule" */;
			compatibilityVersion = "Xcode 3.2";
			developmentRegion = English;
			hasScannedForEncodings = 0;
			knownRegions = (
				en,
				Base,
			);
			mainGroup = 68C3776A1C3406B3007DD412;
			productRefGroup = 68C377741C3406B3007DD412 /* Products */;
			projectDirPath = "";
			projectRoot = "";
			targets = (
				68C377721C3406B3007DD412 /* BMSTU Schedule */,
				68C3778E1C3406B3007DD412 /* BMSTU ScheduleTests */,
				68C377991C3406B3007DD412 /* BMSTU ScheduleUITests */,
			);
		};
/* End PBXProject section */

/* Begin PBXResourcesBuildPhase section */
		68C377711C3406B3007DD412 /* Resources */ = {
			isa = PBXResourcesBuildPhase;
			buildActionMask = 2147483647;
			files = (
				68C377891C3406B3007DD412 /* LaunchScreen.storyboard in Resources */,
				68B119981C7A19C700BBBE36 /* UniversityNoClassCell.xib in Resources */,
				68C377861C3406B3007DD412 /* Assets.xcassets in Resources */,
				68C0CA2C1C561DBB008D81FD /* UniversityClassCell.xib in Resources */,
				68C377841C3406B3007DD412 /* Main.storyboard in Resources */,
				A59F85641D50AA5900B83824 /* Podfile in Resources */,
				A55943AD1D50DF7F00450394 /* GoogleService-Info.plist in Resources */,
				A549B04C1D63187C00A3D015 /* ScreenShot.png in Resources */,
			);
			runOnlyForDeploymentPostprocessing = 0;
		};
		68C3778D1C3406B3007DD412 /* Resources */ = {
			isa = PBXResourcesBuildPhase;
			buildActionMask = 2147483647;
			files = (
			);
			runOnlyForDeploymentPostprocessing = 0;
		};
		68C377981C3406B3007DD412 /* Resources */ = {
			isa = PBXResourcesBuildPhase;
			buildActionMask = 2147483647;
			files = (
			);
			runOnlyForDeploymentPostprocessing = 0;
		};
/* End PBXResourcesBuildPhase section */

/* Begin PBXShellScriptBuildPhase section */
		028800983315F8BF819382E5 /* 📦 Check Pods Manifest.lock */ = {
			isa = PBXShellScriptBuildPhase;
			buildActionMask = 2147483647;
			files = (
			);
			inputPaths = (
			);
			name = "📦 Check Pods Manifest.lock";
			outputPaths = (
			);
			runOnlyForDeploymentPostprocessing = 0;
			shellPath = /bin/sh;
			shellScript = "diff \"${PODS_ROOT}/../Podfile.lock\" \"${PODS_ROOT}/Manifest.lock\" > /dev/null\nif [[ $? != 0 ]] ; then\n    cat << EOM\nerror: The sandbox is not in sync with the Podfile.lock. Run 'pod install' or update your CocoaPods installation.\nEOM\n    exit 1\nfi\n";
			showEnvVarsInLog = 0;
		};
		07AE5C7CFB53285E61019DF9 /* [CP] Copy Pods Resources */ = {
			isa = PBXShellScriptBuildPhase;
			buildActionMask = 2147483647;
			files = (
			);
			inputPaths = (
			);
			name = "[CP] Copy Pods Resources";
			outputPaths = (
			);
			runOnlyForDeploymentPostprocessing = 0;
			shellPath = /bin/sh;
			shellScript = "\"${SRCROOT}/Pods/Target Support Files/Pods-BMSTU Schedule/Pods-BMSTU Schedule-resources.sh\"\n";
			showEnvVarsInLog = 0;
		};
		0C0306950BA47D5E93A80BE5 /* [CP] Copy Pods Resources */ = {
			isa = PBXShellScriptBuildPhase;
			buildActionMask = 2147483647;
			files = (
			);
			inputPaths = (
			);
			name = "[CP] Copy Pods Resources";
			outputPaths = (
			);
			runOnlyForDeploymentPostprocessing = 0;
			shellPath = /bin/sh;
			shellScript = "\"${SRCROOT}/Pods/Target Support Files/Pods-BMSTU ScheduleUITests/Pods-BMSTU ScheduleUITests-resources.sh\"\n";
			showEnvVarsInLog = 0;
		};
		0DA52F106167F15F756F4A18 /* 📦 Embed Pods Frameworks */ = {
			isa = PBXShellScriptBuildPhase;
			buildActionMask = 2147483647;
			files = (
			);
			inputPaths = (
			);
			name = "📦 Embed Pods Frameworks";
			outputPaths = (
			);
			runOnlyForDeploymentPostprocessing = 0;
			shellPath = /bin/sh;
			shellScript = "\"${SRCROOT}/Pods/Target Support Files/Pods-BMSTU Schedule/Pods-BMSTU Schedule-frameworks.sh\"\n";
			showEnvVarsInLog = 0;
		};
		3767882CC37C940D91B3516F /* 📦 Copy Pods Resources */ = {
			isa = PBXShellScriptBuildPhase;
			buildActionMask = 2147483647;
			files = (
			);
			inputPaths = (
			);
			name = "📦 Copy Pods Resources";
			outputPaths = (
			);
			runOnlyForDeploymentPostprocessing = 0;
			shellPath = /bin/sh;
			shellScript = "\"${SRCROOT}/Pods/Target Support Files/Pods-BMSTU ScheduleUITests/Pods-BMSTU ScheduleUITests-resources.sh\"\n";
			showEnvVarsInLog = 0;
		};
		3D76ADCA84C027AE1DB2C4B4 /* [CP] Embed Pods Frameworks */ = {
			isa = PBXShellScriptBuildPhase;
			buildActionMask = 2147483647;
			files = (
			);
			inputPaths = (
			);
			name = "[CP] Embed Pods Frameworks";
			outputPaths = (
			);
			runOnlyForDeploymentPostprocessing = 0;
			shellPath = /bin/sh;
			shellScript = "\"${SRCROOT}/Pods/Target Support Files/Pods-BMSTU ScheduleTests/Pods-BMSTU ScheduleTests-frameworks.sh\"\n";
			showEnvVarsInLog = 0;
		};
		507F628BC97CA3CE7FAC6D7E /* [CP] Copy Pods Resources */ = {
			isa = PBXShellScriptBuildPhase;
			buildActionMask = 2147483647;
			files = (
			);
			inputPaths = (
			);
			name = "[CP] Copy Pods Resources";
			outputPaths = (
			);
			runOnlyForDeploymentPostprocessing = 0;
			shellPath = /bin/sh;
			shellScript = "\"${SRCROOT}/Pods/Target Support Files/Pods-BMSTU ScheduleTests/Pods-BMSTU ScheduleTests-resources.sh\"\n";
			showEnvVarsInLog = 0;
		};
		59B0767A4CFDC841BE1D1627 /* [CP] Check Pods Manifest.lock */ = {
			isa = PBXShellScriptBuildPhase;
			buildActionMask = 2147483647;
			files = (
			);
			inputPaths = (
			);
			name = "[CP] Check Pods Manifest.lock";
			outputPaths = (
			);
			runOnlyForDeploymentPostprocessing = 0;
			shellPath = /bin/sh;
			shellScript = "diff \"${PODS_ROOT}/../Podfile.lock\" \"${PODS_ROOT}/Manifest.lock\" > /dev/null\nif [[ $? != 0 ]] ; then\n    cat << EOM\nerror: The sandbox is not in sync with the Podfile.lock. Run 'pod install' or update your CocoaPods installation.\nEOM\n    exit 1\nfi\n";
			showEnvVarsInLog = 0;
		};
		7AE6CAB89BD3BEF435E5921F /* 📦 Check Pods Manifest.lock */ = {
			isa = PBXShellScriptBuildPhase;
			buildActionMask = 2147483647;
			files = (
			);
			inputPaths = (
			);
			name = "📦 Check Pods Manifest.lock";
			outputPaths = (
			);
			runOnlyForDeploymentPostprocessing = 0;
			shellPath = /bin/sh;
			shellScript = "diff \"${PODS_ROOT}/../Podfile.lock\" \"${PODS_ROOT}/Manifest.lock\" > /dev/null\nif [[ $? != 0 ]] ; then\n    cat << EOM\nerror: The sandbox is not in sync with the Podfile.lock. Run 'pod install' or update your CocoaPods installation.\nEOM\n    exit 1\nfi\n";
			showEnvVarsInLog = 0;
		};
		817E2A2534ECA9FFF5FE98CC /* [CP] Check Pods Manifest.lock */ = {
			isa = PBXShellScriptBuildPhase;
			buildActionMask = 2147483647;
			files = (
			);
			inputPaths = (
			);
			name = "[CP] Check Pods Manifest.lock";
			outputPaths = (
			);
			runOnlyForDeploymentPostprocessing = 0;
			shellPath = /bin/sh;
			shellScript = "diff \"${PODS_ROOT}/../Podfile.lock\" \"${PODS_ROOT}/Manifest.lock\" > /dev/null\nif [[ $? != 0 ]] ; then\n    cat << EOM\nerror: The sandbox is not in sync with the Podfile.lock. Run 'pod install' or update your CocoaPods installation.\nEOM\n    exit 1\nfi\n";
			showEnvVarsInLog = 0;
		};
		942D4569F592BF38469EB8AB /* 📦 Embed Pods Frameworks */ = {
			isa = PBXShellScriptBuildPhase;
			buildActionMask = 2147483647;
			files = (
			);
			inputPaths = (
			);
			name = "📦 Embed Pods Frameworks";
			outputPaths = (
			);
			runOnlyForDeploymentPostprocessing = 0;
			shellPath = /bin/sh;
			shellScript = "\"${SRCROOT}/Pods/Target Support Files/Pods-BMSTU ScheduleTests/Pods-BMSTU ScheduleTests-frameworks.sh\"\n";
			showEnvVarsInLog = 0;
		};
		BA704FEFDFE176B819DCFEF7 /* 📦 Check Pods Manifest.lock */ = {
			isa = PBXShellScriptBuildPhase;
			buildActionMask = 2147483647;
			files = (
			);
			inputPaths = (
			);
			name = "📦 Check Pods Manifest.lock";
			outputPaths = (
			);
			runOnlyForDeploymentPostprocessing = 0;
			shellPath = /bin/sh;
			shellScript = "diff \"${PODS_ROOT}/../Podfile.lock\" \"${PODS_ROOT}/Manifest.lock\" > /dev/null\nif [[ $? != 0 ]] ; then\n    cat << EOM\nerror: The sandbox is not in sync with the Podfile.lock. Run 'pod install' or update your CocoaPods installation.\nEOM\n    exit 1\nfi\n";
			showEnvVarsInLog = 0;
		};
		C4CE1005431AD5A6FE07FAD5 /* 📦 Copy Pods Resources */ = {
			isa = PBXShellScriptBuildPhase;
			buildActionMask = 2147483647;
			files = (
			);
			inputPaths = (
			);
			name = "📦 Copy Pods Resources";
			outputPaths = (
			);
			runOnlyForDeploymentPostprocessing = 0;
			shellPath = /bin/sh;
			shellScript = "\"${SRCROOT}/Pods/Target Support Files/Pods-BMSTU ScheduleTests/Pods-BMSTU ScheduleTests-resources.sh\"\n";
			showEnvVarsInLog = 0;
		};
		CD4E1EBAFF8C0B86E5BF3B15 /* [CP] Check Pods Manifest.lock */ = {
			isa = PBXShellScriptBuildPhase;
			buildActionMask = 2147483647;
			files = (
			);
			inputPaths = (
			);
			name = "[CP] Check Pods Manifest.lock";
			outputPaths = (
			);
			runOnlyForDeploymentPostprocessing = 0;
			shellPath = /bin/sh;
			shellScript = "diff \"${PODS_ROOT}/../Podfile.lock\" \"${PODS_ROOT}/Manifest.lock\" > /dev/null\nif [[ $? != 0 ]] ; then\n    cat << EOM\nerror: The sandbox is not in sync with the Podfile.lock. Run 'pod install' or update your CocoaPods installation.\nEOM\n    exit 1\nfi\n";
			showEnvVarsInLog = 0;
		};
		DBB2213C0FD2E9F79EDDF90E /* 📦 Copy Pods Resources */ = {
			isa = PBXShellScriptBuildPhase;
			buildActionMask = 2147483647;
			files = (
			);
			inputPaths = (
			);
			name = "📦 Copy Pods Resources";
			outputPaths = (
			);
			runOnlyForDeploymentPostprocessing = 0;
			shellPath = /bin/sh;
			shellScript = "\"${SRCROOT}/Pods/Target Support Files/Pods-BMSTU Schedule/Pods-BMSTU Schedule-resources.sh\"\n";
			showEnvVarsInLog = 0;
		};
		F9DF70E2F29E927EC1F673A8 /* [CP] Embed Pods Frameworks */ = {
			isa = PBXShellScriptBuildPhase;
			buildActionMask = 2147483647;
			files = (
			);
			inputPaths = (
			);
			name = "[CP] Embed Pods Frameworks";
			outputPaths = (
			);
			runOnlyForDeploymentPostprocessing = 0;
			shellPath = /bin/sh;
			shellScript = "\"${SRCROOT}/Pods/Target Support Files/Pods-BMSTU Schedule/Pods-BMSTU Schedule-frameworks.sh\"\n";
			showEnvVarsInLog = 0;
		};
/* End PBXShellScriptBuildPhase section */

/* Begin PBXSourcesBuildPhase section */
		68C3776F1C3406B3007DD412 /* Sources */ = {
			isa = PBXSourcesBuildPhase;
			buildActionMask = 2147483647;
			files = (
				A5A3F8F01D6C55BD002C6585 /* BADUniversityDay.m in Sources */,
				A5A3F8EC1D6C55BD002C6585 /* BADDownloader.m in Sources */,
				6856E4C11C6BD82B0042E866 /* TodayViewController.m in Sources */,
				A5A3F8EF1D6C55BD002C6585 /* BADUniversityClass.m in Sources */,
				68C66E5C1C54BFA100C318D6 /* UniversityClassCell.m in Sources */,
				A5A3F8F41D6C55BD002C6585 /* BADUniversityGroup.m in Sources */,
				A5A3F8F21D6C55BD002C6585 /* BADUniversityDepartment.m in Sources */,
				A5A3F8F31D6C55BD002C6585 /* BADUniversityFaculty.m in Sources */,
				68B119971C7A19C700BBBE36 /* UniversityNoClassCell.m in Sources */,
				68C3777B1C3406B3007DD412 /* AppDelegate.m in Sources */,
				68C3777E1C3406B3007DD412 /* WeekViewController.m in Sources */,
				68474BC41C725FAD0079B5D8 /* SettingsViewController.m in Sources */,
				A5A3F8F11D6C55BD002C6585 /* BADUniversitySchedule.m in Sources */,
				A5A3F8ED1D6C55BD002C6585 /* BADHandler.m in Sources */,
				68C3791A1C342087007DD412 /* main.m in Sources */,
				A5A3F8EE1D6C55BD002C6585 /* BADSaver.m in Sources */,
			);
			runOnlyForDeploymentPostprocessing = 0;
		};
		68C3778B1C3406B3007DD412 /* Sources */ = {
			isa = PBXSourcesBuildPhase;
			buildActionMask = 2147483647;
			files = (
				68C377941C3406B3007DD412 /* BMSTU_ScheduleTests.m in Sources */,
			);
			runOnlyForDeploymentPostprocessing = 0;
		};
		68C377961C3406B3007DD412 /* Sources */ = {
			isa = PBXSourcesBuildPhase;
			buildActionMask = 2147483647;
			files = (
				68C3779F1C3406B3007DD412 /* BMSTU_ScheduleUITests.m in Sources */,
			);
			runOnlyForDeploymentPostprocessing = 0;
		};
/* End PBXSourcesBuildPhase section */

/* Begin PBXTargetDependency section */
		68C377911C3406B3007DD412 /* PBXTargetDependency */ = {
			isa = PBXTargetDependency;
			target = 68C377721C3406B3007DD412 /* BMSTU Schedule */;
			targetProxy = 68C377901C3406B3007DD412 /* PBXContainerItemProxy */;
		};
		68C3779C1C3406B3007DD412 /* PBXTargetDependency */ = {
			isa = PBXTargetDependency;
			target = 68C377721C3406B3007DD412 /* BMSTU Schedule */;
			targetProxy = 68C3779B1C3406B3007DD412 /* PBXContainerItemProxy */;
		};
/* End PBXTargetDependency section */

/* Begin PBXVariantGroup section */
		68C377821C3406B3007DD412 /* Main.storyboard */ = {
			isa = PBXVariantGroup;
			children = (
				68C377831C3406B3007DD412 /* Base */,
			);
			name = Main.storyboard;
			sourceTree = "<group>";
		};
		68C377871C3406B3007DD412 /* LaunchScreen.storyboard */ = {
			isa = PBXVariantGroup;
			children = (
				68C377881C3406B3007DD412 /* Base */,
			);
			name = LaunchScreen.storyboard;
			sourceTree = "<group>";
		};
/* End PBXVariantGroup section */

/* Begin XCBuildConfiguration section */
		68C377A11C3406B3007DD412 /* Debug */ = {
			isa = XCBuildConfiguration;
			buildSettings = {
				ALWAYS_SEARCH_USER_PATHS = NO;
				CLANG_CXX_LANGUAGE_STANDARD = "gnu++0x";
				CLANG_CXX_LIBRARY = "libc++";
				CLANG_ENABLE_MODULES = YES;
				CLANG_ENABLE_OBJC_ARC = YES;
				CLANG_WARN_BOOL_CONVERSION = YES;
				CLANG_WARN_CONSTANT_CONVERSION = YES;
				CLANG_WARN_DIRECT_OBJC_ISA_USAGE = YES_ERROR;
				CLANG_WARN_EMPTY_BODY = YES;
				CLANG_WARN_ENUM_CONVERSION = YES;
				CLANG_WARN_INT_CONVERSION = YES;
				CLANG_WARN_OBJC_ROOT_CLASS = YES_ERROR;
				CLANG_WARN_UNREACHABLE_CODE = YES;
				CLANG_WARN__DUPLICATE_METHOD_MATCH = YES;
				CODE_SIGN_IDENTITY = "iPhone Developer";
				"CODE_SIGN_IDENTITY[sdk=iphoneos*]" = "iPhone Developer";
				COPY_PHASE_STRIP = NO;
				DEBUG_INFORMATION_FORMAT = dwarf;
				ENABLE_STRICT_OBJC_MSGSEND = YES;
				ENABLE_TESTABILITY = YES;
				GCC_C_LANGUAGE_STANDARD = gnu99;
				GCC_DYNAMIC_NO_PIC = NO;
				GCC_NO_COMMON_BLOCKS = YES;
				GCC_OPTIMIZATION_LEVEL = 0;
				GCC_PREPROCESSOR_DEFINITIONS = (
					"DEBUG=1",
					"$(inherited)",
				);
				GCC_WARN_64_TO_32_BIT_CONVERSION = YES;
				GCC_WARN_ABOUT_RETURN_TYPE = YES_ERROR;
				GCC_WARN_UNDECLARED_SELECTOR = YES;
				GCC_WARN_UNINITIALIZED_AUTOS = YES_AGGRESSIVE;
				GCC_WARN_UNUSED_FUNCTION = YES;
				GCC_WARN_UNUSED_VARIABLE = YES;
				IPHONEOS_DEPLOYMENT_TARGET = 9.2;
				MTL_ENABLE_DEBUG_INFO = YES;
				ONLY_ACTIVE_ARCH = YES;
				SDKROOT = iphoneos;
			};
			name = Debug;
		};
		68C377A21C3406B3007DD412 /* Release */ = {
			isa = XCBuildConfiguration;
			buildSettings = {
				ALWAYS_SEARCH_USER_PATHS = NO;
				CLANG_CXX_LANGUAGE_STANDARD = "gnu++0x";
				CLANG_CXX_LIBRARY = "libc++";
				CLANG_ENABLE_MODULES = YES;
				CLANG_ENABLE_OBJC_ARC = YES;
				CLANG_WARN_BOOL_CONVERSION = YES;
				CLANG_WARN_CONSTANT_CONVERSION = YES;
				CLANG_WARN_DIRECT_OBJC_ISA_USAGE = YES_ERROR;
				CLANG_WARN_EMPTY_BODY = YES;
				CLANG_WARN_ENUM_CONVERSION = YES;
				CLANG_WARN_INT_CONVERSION = YES;
				CLANG_WARN_OBJC_ROOT_CLASS = YES_ERROR;
				CLANG_WARN_UNREACHABLE_CODE = YES;
				CLANG_WARN__DUPLICATE_METHOD_MATCH = YES;
				"CODE_SIGN_IDENTITY[sdk=iphoneos*]" = "iPhone Developer";
				COPY_PHASE_STRIP = NO;
				DEBUG_INFORMATION_FORMAT = "dwarf-with-dsym";
				ENABLE_NS_ASSERTIONS = NO;
				ENABLE_STRICT_OBJC_MSGSEND = YES;
				GCC_C_LANGUAGE_STANDARD = gnu99;
				GCC_NO_COMMON_BLOCKS = YES;
				GCC_WARN_64_TO_32_BIT_CONVERSION = YES;
				GCC_WARN_ABOUT_RETURN_TYPE = YES_ERROR;
				GCC_WARN_UNDECLARED_SELECTOR = YES;
				GCC_WARN_UNINITIALIZED_AUTOS = YES_AGGRESSIVE;
				GCC_WARN_UNUSED_FUNCTION = YES;
				GCC_WARN_UNUSED_VARIABLE = YES;
				IPHONEOS_DEPLOYMENT_TARGET = 9.2;
				MTL_ENABLE_DEBUG_INFO = NO;
				SDKROOT = iphoneos;
				VALIDATE_PRODUCT = YES;
			};
			name = Release;
		};
		68C377A41C3406B3007DD412 /* Debug */ = {
			isa = XCBuildConfiguration;
			baseConfigurationReference = 5427A00A74AB2CF4A0AA66BE /* Pods-BMSTU Schedule.debug.xcconfig */;
			buildSettings = {
				ASSETCATALOG_COMPILER_APPICON_NAME = AppIcon;
				CODE_SIGN_ENTITLEMENTS = "BMSTU Schedule/BMSTU Schedule.entitlements";
				CODE_SIGN_IDENTITY = "iPhone Developer";
				HEADER_SEARCH_PATHS = "$(inherited)";
				INFOPLIST_FILE = "BMSTU Schedule/Info.plist";
				IPHONEOS_DEPLOYMENT_TARGET = 8.0;
				LD_RUNPATH_SEARCH_PATHS = "$(inherited) @executable_path/Frameworks";
				PRODUCT_BUNDLE_IDENTIFIER = com.bestK1ng.BMSTUSchedule;
				PRODUCT_NAME = "$(TARGET_NAME)";
				PROVISIONING_PROFILE = "e7db185e-9965-4eb6-9bd3-12d716a741cb";
				PROVISIONING_PROFILE_SPECIFIER = CT884K7983/BMSTUSchedule;
			};
			name = Debug;
		};
		68C377A51C3406B3007DD412 /* Release */ = {
			isa = XCBuildConfiguration;
			baseConfigurationReference = 5788696B8E5E6DAA4E22C93D /* Pods-BMSTU Schedule.release.xcconfig */;
			buildSettings = {
				ASSETCATALOG_COMPILER_APPICON_NAME = AppIcon;
				CODE_SIGN_ENTITLEMENTS = "BMSTU Schedule/BMSTU Schedule.entitlements";
				CODE_SIGN_IDENTITY = "iPhone Developer";
				HEADER_SEARCH_PATHS = "$(inherited)";
				INFOPLIST_FILE = "BMSTU Schedule/Info.plist";
				IPHONEOS_DEPLOYMENT_TARGET = 8.0;
				LD_RUNPATH_SEARCH_PATHS = "$(inherited) @executable_path/Frameworks";
				PRODUCT_BUNDLE_IDENTIFIER = com.bestK1ng.BMSTUSchedule;
				PRODUCT_NAME = "$(TARGET_NAME)";
				PROVISIONING_PROFILE = "e7db185e-9965-4eb6-9bd3-12d716a741cb";
				PROVISIONING_PROFILE_SPECIFIER = CT884K7983/BMSTUSchedule;
			};
			name = Release;
		};
		68C377A71C3406B3007DD412 /* Debug */ = {
			isa = XCBuildConfiguration;
			baseConfigurationReference = 455616C485658EE61B4606F9 /* Pods-BMSTU ScheduleTests.debug.xcconfig */;
			buildSettings = {
				BUNDLE_LOADER = "$(TEST_HOST)";
				INFOPLIST_FILE = "BMSTU ScheduleTests/Info.plist";
				LD_RUNPATH_SEARCH_PATHS = "$(inherited) @executable_path/Frameworks @loader_path/Frameworks";
				PRODUCT_BUNDLE_IDENTIFIER = "com.artembelkov.BMSTU-ScheduleTests";
				PRODUCT_NAME = "$(TARGET_NAME)";
				TEST_HOST = "$(BUILT_PRODUCTS_DIR)/BMSTU Schedule.app/BMSTU Schedule";
			};
			name = Debug;
		};
		68C377A81C3406B3007DD412 /* Release */ = {
			isa = XCBuildConfiguration;
			baseConfigurationReference = 478E854CEA9789154E426451 /* Pods-BMSTU ScheduleTests.release.xcconfig */;
			buildSettings = {
				BUNDLE_LOADER = "$(TEST_HOST)";
				INFOPLIST_FILE = "BMSTU ScheduleTests/Info.plist";
				LD_RUNPATH_SEARCH_PATHS = "$(inherited) @executable_path/Frameworks @loader_path/Frameworks";
				PRODUCT_BUNDLE_IDENTIFIER = "com.artembelkov.BMSTU-ScheduleTests";
				PRODUCT_NAME = "$(TARGET_NAME)";
				TEST_HOST = "$(BUILT_PRODUCTS_DIR)/BMSTU Schedule.app/BMSTU Schedule";
			};
			name = Release;
		};
		68C377AA1C3406B3007DD412 /* Debug */ = {
			isa = XCBuildConfiguration;
			baseConfigurationReference = 6824E7D04F88F89782AF61F8 /* Pods-BMSTU ScheduleUITests.debug.xcconfig */;
			buildSettings = {
				INFOPLIST_FILE = "BMSTU ScheduleUITests/Info.plist";
				LD_RUNPATH_SEARCH_PATHS = "$(inherited) @executable_path/Frameworks @loader_path/Frameworks";
				PRODUCT_BUNDLE_IDENTIFIER = "com.artembelkov.BMSTU-ScheduleUITests";
				PRODUCT_NAME = "$(TARGET_NAME)";
				TEST_TARGET_NAME = "BMSTU Schedule";
				USES_XCTRUNNER = YES;
			};
			name = Debug;
		};
		68C377AB1C3406B3007DD412 /* Release */ = {
			isa = XCBuildConfiguration;
			baseConfigurationReference = DBE3A7171DD43342EAD0B684 /* Pods-BMSTU ScheduleUITests.release.xcconfig */;
			buildSettings = {
				INFOPLIST_FILE = "BMSTU ScheduleUITests/Info.plist";
				LD_RUNPATH_SEARCH_PATHS = "$(inherited) @executable_path/Frameworks @loader_path/Frameworks";
				PRODUCT_BUNDLE_IDENTIFIER = "com.artembelkov.BMSTU-ScheduleUITests";
				PRODUCT_NAME = "$(TARGET_NAME)";
				TEST_TARGET_NAME = "BMSTU Schedule";
				USES_XCTRUNNER = YES;
			};
			name = Release;
		};
/* End XCBuildConfiguration section */

/* Begin XCConfigurationList section */
		68C3776E1C3406B3007DD412 /* Build configuration list for PBXProject "BMSTU Schedule" */ = {
			isa = XCConfigurationList;
			buildConfigurations = (
				68C377A11C3406B3007DD412 /* Debug */,
				68C377A21C3406B3007DD412 /* Release */,
			);
			defaultConfigurationIsVisible = 0;
			defaultConfigurationName = Release;
		};
		68C377A31C3406B3007DD412 /* Build configuration list for PBXNativeTarget "BMSTU Schedule" */ = {
			isa = XCConfigurationList;
			buildConfigurations = (
				68C377A41C3406B3007DD412 /* Debug */,
				68C377A51C3406B3007DD412 /* Release */,
			);
			defaultConfigurationIsVisible = 0;
			defaultConfigurationName = Release;
		};
		68C377A61C3406B3007DD412 /* Build configuration list for PBXNativeTarget "BMSTU ScheduleTests" */ = {
			isa = XCConfigurationList;
			buildConfigurations = (
				68C377A71C3406B3007DD412 /* Debug */,
				68C377A81C3406B3007DD412 /* Release */,
			);
			defaultConfigurationIsVisible = 0;
			defaultConfigurationName = Release;
		};
		68C377A91C3406B3007DD412 /* Build configuration list for PBXNativeTarget "BMSTU ScheduleUITests" */ = {
			isa = XCConfigurationList;
			buildConfigurations = (
				68C377AA1C3406B3007DD412 /* Debug */,
				68C377AB1C3406B3007DD412 /* Release */,
			);
			defaultConfigurationIsVisible = 0;
			defaultConfigurationName = Release;
		};
/* End XCConfigurationList section */
	};
	rootObject = 68C3776B1C3406B3007DD412 /* Project object */;
}
